{
  "originHash" : "859b6c521cfa685dc22423320635140ad6d5c84fa5acbb2afabc944468005aa1",
  "pins" : [
    {
      "identity" : "zenswift",
      "kind" : "remoteSourceControl",
      "location" : "https://github.com/roland19deschain/ZenSwift.git",
      "state" : {
        "revision" : "f44f7074bb12b4bc0b1728b0077ff69de5e2a29c",
        "version" : "2.1.14"
      }
    }
  ],
  "version" : 3
}
