// !$*UTF8*$!
{
	archiveVersion = 1;
	classes = {
	};
	objectVersion = 50;
	objects = {

/* Begin PBXBuildFile section */
		F7596E1A243A98B400045B91 /* SKEmitterNode+Introspection.swift in Sources */ = {isa = PBXBuildFile; fileRef = F7596E19243A98B400045B91 /* SKEmitterNode+Introspection.swift */; };
		F7596E1B243A98B400045B91 /* SKEmitterNode+Introspection.swift in Sources */ = {isa = PBXBuildFile; fileRef = F7596E19243A98B400045B91 /* SKEmitterNode+Introspection.swift */; };
		F7596E1C243A98B400045B91 /* SKEmitterNode+Introspection.swift in Sources */ = {isa = PBXBuildFile; fileRef = F7596E19243A98B400045B91 /* SKEmitterNode+Introspection.swift */; };
		F7596E1D243A98B400045B91 /* SKEmitterNode+Introspection.swift in Sources */ = {isa = PBXBuildFile; fileRef = F7596E19243A98B400045B91 /* SKEmitterNode+Introspection.swift */; };
		F7596E20243A995D00045B91 /* String+Emitter.swift in Sources */ = {isa = PBXBuildFile; fileRef = F7596E1F243A995D00045B91 /* String+Emitter.swift */; };
		F7596E21243A995D00045B91 /* String+Emitter.swift in Sources */ = {isa = PBXBuildFile; fileRef = F7596E1F243A995D00045B91 /* String+Emitter.swift */; };
		F7596E22243A995D00045B91 /* String+Emitter.swift in Sources */ = {isa = PBXBuildFile; fileRef = F7596E1F243A995D00045B91 /* String+Emitter.swift */; };
		F7596E23243A995D00045B91 /* String+Emitter.swift in Sources */ = {isa = PBXBuildFile; fileRef = F7596E1F243A995D00045B91 /* String+Emitter.swift */; };
		F7596E2F243A9B4F00045B91 /* SKEmitterNode+Colorize.swift in Sources */ = {isa = PBXBuildFile; fileRef = F7596E2E243A9B4F00045B91 /* SKEmitterNode+Colorize.swift */; };
		F7596E30243A9B4F00045B91 /* SKEmitterNode+Colorize.swift in Sources */ = {isa = PBXBuildFile; fileRef = F7596E2E243A9B4F00045B91 /* SKEmitterNode+Colorize.swift */; };
		F7596E31243A9B4F00045B91 /* SKEmitterNode+Colorize.swift in Sources */ = {isa = PBXBuildFile; fileRef = F7596E2E243A9B4F00045B91 /* SKEmitterNode+Colorize.swift */; };
		F7596E32243A9B4F00045B91 /* SKEmitterNode+Colorize.swift in Sources */ = {isa = PBXBuildFile; fileRef = F7596E2E243A9B4F00045B91 /* SKEmitterNode+Colorize.swift */; };
		F7C448AC25A7DC4100C16CA9 /* SKNode+Action.swift in Sources */ = {isa = PBXBuildFile; fileRef = F7C448AB25A7DC4100C16CA9 /* SKNode+Action.swift */; };
		F7C448AD25A7DC4100C16CA9 /* SKNode+Action.swift in Sources */ = {isa = PBXBuildFile; fileRef = F7C448AB25A7DC4100C16CA9 /* SKNode+Action.swift */; };
		F7C448AE25A7DC4100C16CA9 /* SKNode+Action.swift in Sources */ = {isa = PBXBuildFile; fileRef = F7C448AB25A7DC4100C16CA9 /* SKNode+Action.swift */; };
		F7C448AF25A7DC4100C16CA9 /* SKNode+Action.swift in Sources */ = {isa = PBXBuildFile; fileRef = F7C448AB25A7DC4100C16CA9 /* SKNode+Action.swift */; };
		F7E633082443D4E9004C3F1F /* SKNode+PlaceEmitter.swift in Sources */ = {isa = PBXBuildFile; fileRef = F7E633072443D4E9004C3F1F /* SKNode+PlaceEmitter.swift */; };
		F7E633092443D4E9004C3F1F /* SKNode+PlaceEmitter.swift in Sources */ = {isa = PBXBuildFile; fileRef = F7E633072443D4E9004C3F1F /* SKNode+PlaceEmitter.swift */; };
		F7E6330A2443D4E9004C3F1F /* SKNode+PlaceEmitter.swift in Sources */ = {isa = PBXBuildFile; fileRef = F7E633072443D4E9004C3F1F /* SKNode+PlaceEmitter.swift */; };
		F7E6330B2443D4E9004C3F1F /* SKNode+PlaceEmitter.swift in Sources */ = {isa = PBXBuildFile; fileRef = F7E633072443D4E9004C3F1F /* SKNode+PlaceEmitter.swift */; };
		F7E6330D2443D751004C3F1F /* String+TextureAtlas.swift in Sources */ = {isa = PBXBuildFile; fileRef = F7E6330C2443D751004C3F1F /* String+TextureAtlas.swift */; };
		F7E6330E2443D751004C3F1F /* String+TextureAtlas.swift in Sources */ = {isa = PBXBuildFile; fileRef = F7E6330C2443D751004C3F1F /* String+TextureAtlas.swift */; };
		F7E6330F2443D751004C3F1F /* String+TextureAtlas.swift in Sources */ = {isa = PBXBuildFile; fileRef = F7E6330C2443D751004C3F1F /* String+TextureAtlas.swift */; };
		F7E633102443D751004C3F1F /* String+TextureAtlas.swift in Sources */ = {isa = PBXBuildFile; fileRef = F7E6330C2443D751004C3F1F /* String+TextureAtlas.swift */; };
		F7E633132443D7D2004C3F1F /* SKTextureAtlas+Textures.swift in Sources */ = {isa = PBXBuildFile; fileRef = F7E633122443D7D2004C3F1F /* SKTextureAtlas+Textures.swift */; };
		F7E633142443D7D2004C3F1F /* SKTextureAtlas+Textures.swift in Sources */ = {isa = PBXBuildFile; fileRef = F7E633122443D7D2004C3F1F /* SKTextureAtlas+Textures.swift */; };
		F7E633152443D7D2004C3F1F /* SKTextureAtlas+Textures.swift in Sources */ = {isa = PBXBuildFile; fileRef = F7E633122443D7D2004C3F1F /* SKTextureAtlas+Textures.swift */; };
		F7E633162443D7D2004C3F1F /* SKTextureAtlas+Textures.swift in Sources */ = {isa = PBXBuildFile; fileRef = F7E633122443D7D2004C3F1F /* SKTextureAtlas+Textures.swift */; };
		F7E720542433F050004BAF12 /* ZenSpriteKit.h in Headers */ = {isa = PBXBuildFile; fileRef = F7E720522433F050004BAF12 /* ZenSpriteKit.h */; settings = {ATTRIBUTES = (Public, ); }; };
		F7E720882433F5AF004BAF12 /* SKAction+Infinite.swift in Sources */ = {isa = PBXBuildFile; fileRef = F7E720872433F5AF004BAF12 /* SKAction+Infinite.swift */; };
		F7E720892433F5AF004BAF12 /* SKAction+Infinite.swift in Sources */ = {isa = PBXBuildFile; fileRef = F7E720872433F5AF004BAF12 /* SKAction+Infinite.swift */; };
		F7E7208A2433F5AF004BAF12 /* SKAction+Infinite.swift in Sources */ = {isa = PBXBuildFile; fileRef = F7E720872433F5AF004BAF12 /* SKAction+Infinite.swift */; };
		F7E7208B2433F5AF004BAF12 /* SKAction+Infinite.swift in Sources */ = {isa = PBXBuildFile; fileRef = F7E720872433F5AF004BAF12 /* SKAction+Infinite.swift */; };
		F7E720912433F622004BAF12 /* Int+Angles.swift in Sources */ = {isa = PBXBuildFile; fileRef = F7E720902433F622004BAF12 /* Int+Angles.swift */; };
		F7E720922433F622004BAF12 /* Int+Angles.swift in Sources */ = {isa = PBXBuildFile; fileRef = F7E720902433F622004BAF12 /* Int+Angles.swift */; };
		F7E720932433F622004BAF12 /* Int+Angles.swift in Sources */ = {isa = PBXBuildFile; fileRef = F7E720902433F622004BAF12 /* Int+Angles.swift */; };
		F7E720942433F622004BAF12 /* Int+Angles.swift in Sources */ = {isa = PBXBuildFile; fileRef = F7E720902433F622004BAF12 /* Int+Angles.swift */; };
		F7E720982433F678004BAF12 /* SKAction+Pulse.swift in Sources */ = {isa = PBXBuildFile; fileRef = F7E720972433F678004BAF12 /* SKAction+Pulse.swift */; };
		F7E720992433F678004BAF12 /* SKAction+Pulse.swift in Sources */ = {isa = PBXBuildFile; fileRef = F7E720972433F678004BAF12 /* SKAction+Pulse.swift */; };
		F7E7209A2433F678004BAF12 /* SKAction+Pulse.swift in Sources */ = {isa = PBXBuildFile; fileRef = F7E720972433F678004BAF12 /* SKAction+Pulse.swift */; };
		F7E7209B2433F678004BAF12 /* SKAction+Pulse.swift in Sources */ = {isa = PBXBuildFile; fileRef = F7E720972433F678004BAF12 /* SKAction+Pulse.swift */; };
		F7E720B824340378004BAF12 /* SKAction+Colorize.swift in Sources */ = {isa = PBXBuildFile; fileRef = F7E720B724340378004BAF12 /* SKAction+Colorize.swift */; };
		F7E720B924340378004BAF12 /* SKAction+Colorize.swift in Sources */ = {isa = PBXBuildFile; fileRef = F7E720B724340378004BAF12 /* SKAction+Colorize.swift */; };
		F7E720BA24340378004BAF12 /* SKAction+Colorize.swift in Sources */ = {isa = PBXBuildFile; fileRef = F7E720B724340378004BAF12 /* SKAction+Colorize.swift */; };
		F7E720BB24340378004BAF12 /* SKAction+Colorize.swift in Sources */ = {isa = PBXBuildFile; fileRef = F7E720B724340378004BAF12 /* SKAction+Colorize.swift */; };
		F7E720BD243403A3004BAF12 /* LinearInterpolation.swift in Sources */ = {isa = PBXBuildFile; fileRef = F7E720BC243403A3004BAF12 /* LinearInterpolation.swift */; };
		F7E720BE243403A3004BAF12 /* LinearInterpolation.swift in Sources */ = {isa = PBXBuildFile; fileRef = F7E720BC243403A3004BAF12 /* LinearInterpolation.swift */; };
		F7E720BF243403A3004BAF12 /* LinearInterpolation.swift in Sources */ = {isa = PBXBuildFile; fileRef = F7E720BC243403A3004BAF12 /* LinearInterpolation.swift */; };
		F7E720C0243403A3004BAF12 /* LinearInterpolation.swift in Sources */ = {isa = PBXBuildFile; fileRef = F7E720BC243403A3004BAF12 /* LinearInterpolation.swift */; };
		F7E720C324369BC5004BAF12 /* SKAction+Convenience.swift in Sources */ = {isa = PBXBuildFile; fileRef = F7E720C224369BC5004BAF12 /* SKAction+Convenience.swift */; };
		F7E720C424369BC5004BAF12 /* SKAction+Convenience.swift in Sources */ = {isa = PBXBuildFile; fileRef = F7E720C224369BC5004BAF12 /* SKAction+Convenience.swift */; };
		F7E720C524369BC5004BAF12 /* SKAction+Convenience.swift in Sources */ = {isa = PBXBuildFile; fileRef = F7E720C224369BC5004BAF12 /* SKAction+Convenience.swift */; };
		F7E720C624369BC9004BAF12 /* SKAction+Convenience.swift in Sources */ = {isa = PBXBuildFile; fileRef = F7E720C224369BC5004BAF12 /* SKAction+Convenience.swift */; };
		F7E720C824369C75004BAF12 /* Array+SKAction.swift in Sources */ = {isa = PBXBuildFile; fileRef = F7E720C724369C75004BAF12 /* Array+SKAction.swift */; };
		F7E720C924369C75004BAF12 /* Array+SKAction.swift in Sources */ = {isa = PBXBuildFile; fileRef = F7E720C724369C75004BAF12 /* Array+SKAction.swift */; };
		F7E720CA24369C75004BAF12 /* Array+SKAction.swift in Sources */ = {isa = PBXBuildFile; fileRef = F7E720C724369C75004BAF12 /* Array+SKAction.swift */; };
		F7E720CB24369C75004BAF12 /* Array+SKAction.swift in Sources */ = {isa = PBXBuildFile; fileRef = F7E720C724369C75004BAF12 /* Array+SKAction.swift */; };
		F7E720CD24369E83004BAF12 /* SKAction+BounceInterpolation.swift in Sources */ = {isa = PBXBuildFile; fileRef = F7E720CC24369E83004BAF12 /* SKAction+BounceInterpolation.swift */; };
		F7E720CE24369E83004BAF12 /* SKAction+BounceInterpolation.swift in Sources */ = {isa = PBXBuildFile; fileRef = F7E720CC24369E83004BAF12 /* SKAction+BounceInterpolation.swift */; };
		F7E720CF24369E83004BAF12 /* SKAction+BounceInterpolation.swift in Sources */ = {isa = PBXBuildFile; fileRef = F7E720CC24369E83004BAF12 /* SKAction+BounceInterpolation.swift */; };
		F7E720D024369E83004BAF12 /* SKAction+BounceInterpolation.swift in Sources */ = {isa = PBXBuildFile; fileRef = F7E720CC24369E83004BAF12 /* SKAction+BounceInterpolation.swift */; };
		F7E720D824369F87004BAF12 /* SKAction+BounceAnimate.swift in Sources */ = {isa = PBXBuildFile; fileRef = F7E720D724369F87004BAF12 /* SKAction+BounceAnimate.swift */; };
		F7E720D924369F87004BAF12 /* SKAction+BounceAnimate.swift in Sources */ = {isa = PBXBuildFile; fileRef = F7E720D724369F87004BAF12 /* SKAction+BounceAnimate.swift */; };
		F7E720DA24369F87004BAF12 /* SKAction+BounceAnimate.swift in Sources */ = {isa = PBXBuildFile; fileRef = F7E720D724369F87004BAF12 /* SKAction+BounceAnimate.swift */; };
		F7E720DB24369F87004BAF12 /* SKAction+BounceAnimate.swift in Sources */ = {isa = PBXBuildFile; fileRef = F7E720D724369F87004BAF12 /* SKAction+BounceAnimate.swift */; };
		F7E720DE24369FDB004BAF12 /* SKAction+BounceMove.swift in Sources */ = {isa = PBXBuildFile; fileRef = F7E720DD24369FDB004BAF12 /* SKAction+BounceMove.swift */; };
		F7E720DF24369FDB004BAF12 /* SKAction+BounceMove.swift in Sources */ = {isa = PBXBuildFile; fileRef = F7E720DD24369FDB004BAF12 /* SKAction+BounceMove.swift */; };
		F7E720E024369FDB004BAF12 /* SKAction+BounceMove.swift in Sources */ = {isa = PBXBuildFile; fileRef = F7E720DD24369FDB004BAF12 /* SKAction+BounceMove.swift */; };
		F7E720E124369FDB004BAF12 /* SKAction+BounceMove.swift in Sources */ = {isa = PBXBuildFile; fileRef = F7E720DD24369FDB004BAF12 /* SKAction+BounceMove.swift */; };
		F7E720E32436A131004BAF12 /* SKAction+BounceScale.swift in Sources */ = {isa = PBXBuildFile; fileRef = F7E720E22436A131004BAF12 /* SKAction+BounceScale.swift */; };
		F7E720E42436A131004BAF12 /* SKAction+BounceScale.swift in Sources */ = {isa = PBXBuildFile; fileRef = F7E720E22436A131004BAF12 /* SKAction+BounceScale.swift */; };
		F7E720E52436A131004BAF12 /* SKAction+BounceScale.swift in Sources */ = {isa = PBXBuildFile; fileRef = F7E720E22436A131004BAF12 /* SKAction+BounceScale.swift */; };
		F7E720E62436A131004BAF12 /* SKAction+BounceScale.swift in Sources */ = {isa = PBXBuildFile; fileRef = F7E720E22436A131004BAF12 /* SKAction+BounceScale.swift */; };
		F7E720E82436A173004BAF12 /* SKAction+BounceSpeed.swift in Sources */ = {isa = PBXBuildFile; fileRef = F7E720E72436A173004BAF12 /* SKAction+BounceSpeed.swift */; };
		F7E720E92436A173004BAF12 /* SKAction+BounceSpeed.swift in Sources */ = {isa = PBXBuildFile; fileRef = F7E720E72436A173004BAF12 /* SKAction+BounceSpeed.swift */; };
		F7E720EA2436A173004BAF12 /* SKAction+BounceSpeed.swift in Sources */ = {isa = PBXBuildFile; fileRef = F7E720E72436A173004BAF12 /* SKAction+BounceSpeed.swift */; };
		F7E720EB2436A173004BAF12 /* SKAction+BounceSpeed.swift in Sources */ = {isa = PBXBuildFile; fileRef = F7E720E72436A173004BAF12 /* SKAction+BounceSpeed.swift */; };
		F7E720ED2436A1A7004BAF12 /* SKAction+BounceColorize.swift in Sources */ = {isa = PBXBuildFile; fileRef = F7E720EC2436A1A7004BAF12 /* SKAction+BounceColorize.swift */; };
		F7E720EE2436A1A7004BAF12 /* SKAction+BounceColorize.swift in Sources */ = {isa = PBXBuildFile; fileRef = F7E720EC2436A1A7004BAF12 /* SKAction+BounceColorize.swift */; };
		F7E720EF2436A1A7004BAF12 /* SKAction+BounceColorize.swift in Sources */ = {isa = PBXBuildFile; fileRef = F7E720EC2436A1A7004BAF12 /* SKAction+BounceColorize.swift */; };
		F7E720F02436A1A7004BAF12 /* SKAction+BounceColorize.swift in Sources */ = {isa = PBXBuildFile; fileRef = F7E720EC2436A1A7004BAF12 /* SKAction+BounceColorize.swift */; };
		F7E720F22436A1C6004BAF12 /* SKAction+BounceFade.swift in Sources */ = {isa = PBXBuildFile; fileRef = F7E720F12436A1C6004BAF12 /* SKAction+BounceFade.swift */; };
		F7E720F32436A1C6004BAF12 /* SKAction+BounceFade.swift in Sources */ = {isa = PBXBuildFile; fileRef = F7E720F12436A1C6004BAF12 /* SKAction+BounceFade.swift */; };
		F7E720F42436A1C6004BAF12 /* SKAction+BounceFade.swift in Sources */ = {isa = PBXBuildFile; fileRef = F7E720F12436A1C6004BAF12 /* SKAction+BounceFade.swift */; };
		F7E720F52436A1C6004BAF12 /* SKAction+BounceFade.swift in Sources */ = {isa = PBXBuildFile; fileRef = F7E720F12436A1C6004BAF12 /* SKAction+BounceFade.swift */; };
		F7E720F72436A21C004BAF12 /* SKAction+BounceRotate.swift in Sources */ = {isa = PBXBuildFile; fileRef = F7E720F62436A21C004BAF12 /* SKAction+BounceRotate.swift */; };
		F7E720F82436A21C004BAF12 /* SKAction+BounceRotate.swift in Sources */ = {isa = PBXBuildFile; fileRef = F7E720F62436A21C004BAF12 /* SKAction+BounceRotate.swift */; };
		F7E720F92436A21C004BAF12 /* SKAction+BounceRotate.swift in Sources */ = {isa = PBXBuildFile; fileRef = F7E720F62436A21C004BAF12 /* SKAction+BounceRotate.swift */; };
		F7E720FA2436A21C004BAF12 /* SKAction+BounceRotate.swift in Sources */ = {isa = PBXBuildFile; fileRef = F7E720F62436A21C004BAF12 /* SKAction+BounceRotate.swift */; };
		F7E720FC2436A23A004BAF12 /* SKAction+BounceResize.swift in Sources */ = {isa = PBXBuildFile; fileRef = F7E720FB2436A23A004BAF12 /* SKAction+BounceResize.swift */; };
		F7E720FD2436A23A004BAF12 /* SKAction+BounceResize.swift in Sources */ = {isa = PBXBuildFile; fileRef = F7E720FB2436A23A004BAF12 /* SKAction+BounceResize.swift */; };
		F7E720FE2436A23A004BAF12 /* SKAction+BounceResize.swift in Sources */ = {isa = PBXBuildFile; fileRef = F7E720FB2436A23A004BAF12 /* SKAction+BounceResize.swift */; };
		F7E720FF2436A23A004BAF12 /* SKAction+BounceResize.swift in Sources */ = {isa = PBXBuildFile; fileRef = F7E720FB2436A23A004BAF12 /* SKAction+BounceResize.swift */; };
		F7E721012436A2E0004BAF12 /* SKAction+Textures.swift in Sources */ = {isa = PBXBuildFile; fileRef = F7E721002436A2E0004BAF12 /* SKAction+Textures.swift */; };
		F7E721022436A2E0004BAF12 /* SKAction+Textures.swift in Sources */ = {isa = PBXBuildFile; fileRef = F7E721002436A2E0004BAF12 /* SKAction+Textures.swift */; };
		F7E721032436A2E0004BAF12 /* SKAction+Textures.swift in Sources */ = {isa = PBXBuildFile; fileRef = F7E721002436A2E0004BAF12 /* SKAction+Textures.swift */; };
		F7E721042436A2E0004BAF12 /* SKAction+Textures.swift in Sources */ = {isa = PBXBuildFile; fileRef = F7E721002436A2E0004BAF12 /* SKAction+Textures.swift */; };
		F7E7210624393467004BAF12 /* SKNode+Convenience.swift in Sources */ = {isa = PBXBuildFile; fileRef = F7E7210524393467004BAF12 /* SKNode+Convenience.swift */; };
		F7E7210724393467004BAF12 /* SKNode+Convenience.swift in Sources */ = {isa = PBXBuildFile; fileRef = F7E7210524393467004BAF12 /* SKNode+Convenience.swift */; };
		F7E7210824393467004BAF12 /* SKNode+Convenience.swift in Sources */ = {isa = PBXBuildFile; fileRef = F7E7210524393467004BAF12 /* SKNode+Convenience.swift */; };
		F7E7210924393467004BAF12 /* SKNode+Convenience.swift in Sources */ = {isa = PBXBuildFile; fileRef = F7E7210524393467004BAF12 /* SKNode+Convenience.swift */; };
		F7E7210C243935E4004BAF12 /* SKNode+Enumeration.swift in Sources */ = {isa = PBXBuildFile; fileRef = F7E7210B243935E4004BAF12 /* SKNode+Enumeration.swift */; };
		F7E7210D243935E4004BAF12 /* SKNode+Enumeration.swift in Sources */ = {isa = PBXBuildFile; fileRef = F7E7210B243935E4004BAF12 /* SKNode+Enumeration.swift */; };
		F7E7210E243935E4004BAF12 /* SKNode+Enumeration.swift in Sources */ = {isa = PBXBuildFile; fileRef = F7E7210B243935E4004BAF12 /* SKNode+Enumeration.swift */; };
		F7E7210F243935E4004BAF12 /* SKNode+Enumeration.swift in Sources */ = {isa = PBXBuildFile; fileRef = F7E7210B243935E4004BAF12 /* SKNode+Enumeration.swift */; };
		F7E7211124393AC4004BAF12 /* SKRange+Convenience.swift in Sources */ = {isa = PBXBuildFile; fileRef = F7E7211024393AC4004BAF12 /* SKRange+Convenience.swift */; };
		F7E7211224393AC4004BAF12 /* SKRange+Convenience.swift in Sources */ = {isa = PBXBuildFile; fileRef = F7E7211024393AC4004BAF12 /* SKRange+Convenience.swift */; };
		F7E7211324393AC4004BAF12 /* SKRange+Convenience.swift in Sources */ = {isa = PBXBuildFile; fileRef = F7E7211024393AC4004BAF12 /* SKRange+Convenience.swift */; };
		F7E7211424393AC4004BAF12 /* SKRange+Convenience.swift in Sources */ = {isa = PBXBuildFile; fileRef = F7E7211024393AC4004BAF12 /* SKRange+Convenience.swift */; };
		F7E7211724393AFA004BAF12 /* SKNode+Layout.swift in Sources */ = {isa = PBXBuildFile; fileRef = F7E7211624393AFA004BAF12 /* SKNode+Layout.swift */; };
		F7E7211824393AFA004BAF12 /* SKNode+Layout.swift in Sources */ = {isa = PBXBuildFile; fileRef = F7E7211624393AFA004BAF12 /* SKNode+Layout.swift */; };
		F7E7211924393AFA004BAF12 /* SKNode+Layout.swift in Sources */ = {isa = PBXBuildFile; fileRef = F7E7211624393AFA004BAF12 /* SKNode+Layout.swift */; };
		F7E7211A24393AFA004BAF12 /* SKNode+Layout.swift in Sources */ = {isa = PBXBuildFile; fileRef = F7E7211624393AFA004BAF12 /* SKNode+Layout.swift */; };
		F7E7211C24393F72004BAF12 /* SKTexture+Name.swift in Sources */ = {isa = PBXBuildFile; fileRef = F7E7211B24393F72004BAF12 /* SKTexture+Name.swift */; };
		F7E7211D24393F72004BAF12 /* SKTexture+Name.swift in Sources */ = {isa = PBXBuildFile; fileRef = F7E7211B24393F72004BAF12 /* SKTexture+Name.swift */; };
		F7E7211E24393F72004BAF12 /* SKTexture+Name.swift in Sources */ = {isa = PBXBuildFile; fileRef = F7E7211B24393F72004BAF12 /* SKTexture+Name.swift */; };
		F7E7211F24393F72004BAF12 /* SKTexture+Name.swift in Sources */ = {isa = PBXBuildFile; fileRef = F7E7211B24393F72004BAF12 /* SKTexture+Name.swift */; };
		F7E72121243940AA004BAF12 /* Collection+SafeSubscript.swift in Sources */ = {isa = PBXBuildFile; fileRef = F7E72120243940AA004BAF12 /* Collection+SafeSubscript.swift */; };
		F7E72122243940AA004BAF12 /* Collection+SafeSubscript.swift in Sources */ = {isa = PBXBuildFile; fileRef = F7E72120243940AA004BAF12 /* Collection+SafeSubscript.swift */; };
		F7E72123243940AA004BAF12 /* Collection+SafeSubscript.swift in Sources */ = {isa = PBXBuildFile; fileRef = F7E72120243940AA004BAF12 /* Collection+SafeSubscript.swift */; };
		F7E72124243940AA004BAF12 /* Collection+SafeSubscript.swift in Sources */ = {isa = PBXBuildFile; fileRef = F7E72120243940AA004BAF12 /* Collection+SafeSubscript.swift */; };
		F7E721282439413C004BAF12 /* String+Texture.swift in Sources */ = {isa = PBXBuildFile; fileRef = F7E721272439413C004BAF12 /* String+Texture.swift */; };
		F7E721292439413C004BAF12 /* String+Texture.swift in Sources */ = {isa = PBXBuildFile; fileRef = F7E721272439413C004BAF12 /* String+Texture.swift */; };
		F7E7212A2439413C004BAF12 /* String+Texture.swift in Sources */ = {isa = PBXBuildFile; fileRef = F7E721272439413C004BAF12 /* String+Texture.swift */; };
		F7E7212B2439413C004BAF12 /* String+Texture.swift in Sources */ = {isa = PBXBuildFile; fileRef = F7E721272439413C004BAF12 /* String+Texture.swift */; };
/* End PBXBuildFile section */

/* Begin PBXFileReference section */
		F7596E19243A98B400045B91 /* SKEmitterNode+Introspection.swift */ = {isa = PBXFileReference; lastKnownFileType = sourcecode.swift; path = "SKEmitterNode+Introspection.swift"; sourceTree = "<group>"; };
		F7596E1F243A995D00045B91 /* String+Emitter.swift */ = {isa = PBXFileReference; lastKnownFileType = sourcecode.swift; path = "String+Emitter.swift"; sourceTree = "<group>"; };
		F7596E2E243A9B4F00045B91 /* SKEmitterNode+Colorize.swift */ = {isa = PBXFileReference; lastKnownFileType = sourcecode.swift; path = "SKEmitterNode+Colorize.swift"; sourceTree = "<group>"; };
		F7C448AB25A7DC4100C16CA9 /* SKNode+Action.swift */ = {isa = PBXFileReference; lastKnownFileType = sourcecode.swift; path = "SKNode+Action.swift"; sourceTree = "<group>"; };
		F7E633072443D4E9004C3F1F /* SKNode+PlaceEmitter.swift */ = {isa = PBXFileReference; lastKnownFileType = sourcecode.swift; path = "SKNode+PlaceEmitter.swift"; sourceTree = "<group>"; };
		F7E6330C2443D751004C3F1F /* String+TextureAtlas.swift */ = {isa = PBXFileReference; lastKnownFileType = sourcecode.swift; path = "String+TextureAtlas.swift"; sourceTree = "<group>"; };
		F7E633122443D7D2004C3F1F /* SKTextureAtlas+Textures.swift */ = {isa = PBXFileReference; lastKnownFileType = sourcecode.swift; path = "SKTextureAtlas+Textures.swift"; sourceTree = "<group>"; };
		F7E7204F2433F050004BAF12 /* ZenSpriteKit_iOS.framework */ = {isa = PBXFileReference; explicitFileType = wrapper.framework; includeInIndex = 0; path = ZenSpriteKit_iOS.framework; sourceTree = BUILT_PRODUCTS_DIR; };
		F7E720522433F050004BAF12 /* ZenSpriteKit.h */ = {isa = PBXFileReference; lastKnownFileType = sourcecode.c.h; path = ZenSpriteKit.h; sourceTree = "<group>"; };
		F7E720532433F050004BAF12 /* Info.plist */ = {isa = PBXFileReference; lastKnownFileType = text.plist.xml; path = Info.plist; sourceTree = "<group>"; };
		F7E720602433F130004BAF12 /* ZenSpriteKit_macOS.framework */ = {isa = PBXFileReference; explicitFileType = wrapper.framework; includeInIndex = 0; path = ZenSpriteKit_macOS.framework; sourceTree = BUILT_PRODUCTS_DIR; };
		F7E7206D2433F22A004BAF12 /* ZenSpriteKit_tvOS.framework */ = {isa = PBXFileReference; explicitFileType = wrapper.framework; includeInIndex = 0; path = ZenSpriteKit_tvOS.framework; sourceTree = BUILT_PRODUCTS_DIR; };
		F7E7207A2433F237004BAF12 /* ZenSpriteKit_watchOS.framework */ = {isa = PBXFileReference; explicitFileType = wrapper.framework; includeInIndex = 0; path = ZenSpriteKit_watchOS.framework; sourceTree = BUILT_PRODUCTS_DIR; };
		F7E720872433F5AF004BAF12 /* SKAction+Infinite.swift */ = {isa = PBXFileReference; lastKnownFileType = sourcecode.swift; path = "SKAction+Infinite.swift"; sourceTree = "<group>"; };
		F7E720902433F622004BAF12 /* Int+Angles.swift */ = {isa = PBXFileReference; lastKnownFileType = sourcecode.swift; path = "Int+Angles.swift"; sourceTree = "<group>"; };
		F7E720972433F678004BAF12 /* SKAction+Pulse.swift */ = {isa = PBXFileReference; lastKnownFileType = sourcecode.swift; path = "SKAction+Pulse.swift"; sourceTree = "<group>"; };
		F7E720B724340378004BAF12 /* SKAction+Colorize.swift */ = {isa = PBXFileReference; lastKnownFileType = sourcecode.swift; path = "SKAction+Colorize.swift"; sourceTree = "<group>"; };
		F7E720BC243403A3004BAF12 /* LinearInterpolation.swift */ = {isa = PBXFileReference; lastKnownFileType = sourcecode.swift; path = LinearInterpolation.swift; sourceTree = "<group>"; };
		F7E720C224369BC5004BAF12 /* SKAction+Convenience.swift */ = {isa = PBXFileReference; lastKnownFileType = sourcecode.swift; path = "SKAction+Convenience.swift"; sourceTree = "<group>"; };
		F7E720C724369C75004BAF12 /* Array+SKAction.swift */ = {isa = PBXFileReference; lastKnownFileType = sourcecode.swift; path = "Array+SKAction.swift"; sourceTree = "<group>"; };
		F7E720CC24369E83004BAF12 /* SKAction+BounceInterpolation.swift */ = {isa = PBXFileReference; lastKnownFileType = sourcecode.swift; path = "SKAction+BounceInterpolation.swift"; sourceTree = "<group>"; };
		F7E720D724369F87004BAF12 /* SKAction+BounceAnimate.swift */ = {isa = PBXFileReference; lastKnownFileType = sourcecode.swift; path = "SKAction+BounceAnimate.swift"; sourceTree = "<group>"; };
		F7E720DD24369FDB004BAF12 /* SKAction+BounceMove.swift */ = {isa = PBXFileReference; lastKnownFileType = sourcecode.swift; path = "SKAction+BounceMove.swift"; sourceTree = "<group>"; };
		F7E720E22436A131004BAF12 /* SKAction+BounceScale.swift */ = {isa = PBXFileReference; lastKnownFileType = sourcecode.swift; path = "SKAction+BounceScale.swift"; sourceTree = "<group>"; };
		F7E720E72436A173004BAF12 /* SKAction+BounceSpeed.swift */ = {isa = PBXFileReference; lastKnownFileType = sourcecode.swift; path = "SKAction+BounceSpeed.swift"; sourceTree = "<group>"; };
		F7E720EC2436A1A7004BAF12 /* SKAction+BounceColorize.swift */ = {isa = PBXFileReference; lastKnownFileType = sourcecode.swift; path = "SKAction+BounceColorize.swift"; sourceTree = "<group>"; };
		F7E720F12436A1C6004BAF12 /* SKAction+BounceFade.swift */ = {isa = PBXFileReference; lastKnownFileType = sourcecode.swift; path = "SKAction+BounceFade.swift"; sourceTree = "<group>"; };
		F7E720F62436A21C004BAF12 /* SKAction+BounceRotate.swift */ = {isa = PBXFileReference; lastKnownFileType = sourcecode.swift; path = "SKAction+BounceRotate.swift"; sourceTree = "<group>"; };
		F7E720FB2436A23A004BAF12 /* SKAction+BounceResize.swift */ = {isa = PBXFileReference; lastKnownFileType = sourcecode.swift; path = "SKAction+BounceResize.swift"; sourceTree = "<group>"; };
		F7E721002436A2E0004BAF12 /* SKAction+Textures.swift */ = {isa = PBXFileReference; lastKnownFileType = sourcecode.swift; path = "SKAction+Textures.swift"; sourceTree = "<group>"; };
		F7E7210524393467004BAF12 /* SKNode+Convenience.swift */ = {isa = PBXFileReference; lastKnownFileType = sourcecode.swift; path = "SKNode+Convenience.swift"; sourceTree = "<group>"; };
		F7E7210B243935E4004BAF12 /* SKNode+Enumeration.swift */ = {isa = PBXFileReference; lastKnownFileType = sourcecode.swift; path = "SKNode+Enumeration.swift"; sourceTree = "<group>"; };
		F7E7211024393AC4004BAF12 /* SKRange+Convenience.swift */ = {isa = PBXFileReference; lastKnownFileType = sourcecode.swift; path = "SKRange+Convenience.swift"; sourceTree = "<group>"; };
		F7E7211624393AFA004BAF12 /* SKNode+Layout.swift */ = {isa = PBXFileReference; lastKnownFileType = sourcecode.swift; path = "SKNode+Layout.swift"; sourceTree = "<group>"; };
		F7E7211B24393F72004BAF12 /* SKTexture+Name.swift */ = {isa = PBXFileReference; lastKnownFileType = sourcecode.swift; path = "SKTexture+Name.swift"; sourceTree = "<group>"; };
		F7E72120243940AA004BAF12 /* Collection+SafeSubscript.swift */ = {isa = PBXFileReference; lastKnownFileType = sourcecode.swift; path = "Collection+SafeSubscript.swift"; sourceTree = "<group>"; };
		F7E721272439413C004BAF12 /* String+Texture.swift */ = {isa = PBXFileReference; lastKnownFileType = sourcecode.swift; path = "String+Texture.swift"; sourceTree = "<group>"; };
/* End PBXFileReference section */

/* Begin PBXFrameworksBuildPhase section */
		F7E7204C2433F050004BAF12 /* Frameworks */ = {
			isa = PBXFrameworksBuildPhase;
			buildActionMask = 2147483647;
			files = (
			);
			runOnlyForDeploymentPostprocessing = 0;
		};
		F7E7205D2433F130004BAF12 /* Frameworks */ = {
			isa = PBXFrameworksBuildPhase;
			buildActionMask = 2147483647;
			files = (
			);
			runOnlyForDeploymentPostprocessing = 0;
		};
		F7E7206A2433F22A004BAF12 /* Frameworks */ = {
			isa = PBXFrameworksBuildPhase;
			buildActionMask = 2147483647;
			files = (
			);
			runOnlyForDeploymentPostprocessing = 0;
		};
		F7E720772433F237004BAF12 /* Frameworks */ = {
			isa = PBXFrameworksBuildPhase;
			buildActionMask = 2147483647;
			files = (
			);
			runOnlyForDeploymentPostprocessing = 0;
		};
/* End PBXFrameworksBuildPhase section */

/* Begin PBXGroup section */
		F7596E1E243A98BE00045B91 /* Emitter */ = {
			isa = PBXGroup;
			children = (
				F7596E19243A98B400045B91 /* SKEmitterNode+Introspection.swift */,
				F7596E2E243A9B4F00045B91 /* SKEmitterNode+Colorize.swift */,
				F7596E1F243A995D00045B91 /* String+Emitter.swift */,
			);
			path = Emitter;
			sourceTree = "<group>";
		};
		F7E633112443D758004C3F1F /* TextureAtlas */ = {
			isa = PBXGroup;
			children = (
				F7E633122443D7D2004C3F1F /* SKTextureAtlas+Textures.swift */,
				F7E6330C2443D751004C3F1F /* String+TextureAtlas.swift */,
			);
			path = TextureAtlas;
			sourceTree = "<group>";
		};
		F7E720452433F050004BAF12 = {
			isa = PBXGroup;
			children = (
				F7E720512433F050004BAF12 /* ZenSpriteKit */,
				F7E720502433F050004BAF12 /* Products */,
			);
			sourceTree = "<group>";
		};
		F7E720502433F050004BAF12 /* Products */ = {
			isa = PBXGroup;
			children = (
				F7E7204F2433F050004BAF12 /* ZenSpriteKit_iOS.framework */,
				F7E720602433F130004BAF12 /* ZenSpriteKit_macOS.framework */,
				F7E7206D2433F22A004BAF12 /* ZenSpriteKit_tvOS.framework */,
				F7E7207A2433F237004BAF12 /* ZenSpriteKit_watchOS.framework */,
			);
			name = Products;
			sourceTree = "<group>";
		};
		F7E720512433F050004BAF12 /* ZenSpriteKit */ = {
			isa = PBXGroup;
			children = (
				F7E7208C2433F5C0004BAF12 /* SourceCode */,
				F7E7205A2433F090004BAF12 /* SupportingFiles */,
			);
			path = ZenSpriteKit;
			sourceTree = "<group>";
		};
		F7E7205A2433F090004BAF12 /* SupportingFiles */ = {
			isa = PBXGroup;
			children = (
				F7E720522433F050004BAF12 /* ZenSpriteKit.h */,
				F7E720532433F050004BAF12 /* Info.plist */,
			);
			path = SupportingFiles;
			sourceTree = "<group>";
		};
		F7E7208C2433F5C0004BAF12 /* SourceCode */ = {
			isa = PBXGroup;
			children = (
				F7E720C1243403A8004BAF12 /* Functions */,
				F7E7208D2433F5D9004BAF12 /* Extensions */,
			);
			path = SourceCode;
			sourceTree = "<group>";
		};
		F7E7208D2433F5D9004BAF12 /* Extensions */ = {
			isa = PBXGroup;
			children = (
				F7E7208E2433F5E4004BAF12 /* SpriteKit */,
				F7E720952433F626004BAF12 /* Swift */,
			);
			path = Extensions;
			sourceTree = "<group>";
		};
		F7E7208E2433F5E4004BAF12 /* SpriteKit */ = {
			isa = PBXGroup;
			children = (
				F7E7208F2433F5EE004BAF12 /* Action */,
				F7E7210A24393477004BAF12 /* Node */,
				F7E7211524393AC8004BAF12 /* Range */,
				F7E72126243940CF004BAF12 /* Texture */,
				F7E633112443D758004C3F1F /* TextureAtlas */,
				F7596E1E243A98BE00045B91 /* Emitter */,
			);
			path = SpriteKit;
			sourceTree = "<group>";
		};
		F7E7208F2433F5EE004BAF12 /* Action */ = {
			isa = PBXGroup;
			children = (
				F7E720D124369E94004BAF12 /* Bounce */,
				F7E720B724340378004BAF12 /* SKAction+Colorize.swift */,
				F7E721002436A2E0004BAF12 /* SKAction+Textures.swift */,
				F7E720C224369BC5004BAF12 /* SKAction+Convenience.swift */,
				F7E720972433F678004BAF12 /* SKAction+Pulse.swift */,
				F7E720872433F5AF004BAF12 /* SKAction+Infinite.swift */,
				F7E720C724369C75004BAF12 /* Array+SKAction.swift */,
			);
			path = Action;
			sourceTree = "<group>";
		};
		F7E720952433F626004BAF12 /* Swift */ = {
			isa = PBXGroup;
			children = (
				F7E720962433F62B004BAF12 /* Integer */,
				F7E72125243940AE004BAF12 /* Collection */,
			);
			path = Swift;
			sourceTree = "<group>";
		};
		F7E720962433F62B004BAF12 /* Integer */ = {
			isa = PBXGroup;
			children = (
				F7E720902433F622004BAF12 /* Int+Angles.swift */,
			);
			path = Integer;
			sourceTree = "<group>";
		};
		F7E720C1243403A8004BAF12 /* Functions */ = {
			isa = PBXGroup;
			children = (
				F7E720BC243403A3004BAF12 /* LinearInterpolation.swift */,
			);
			path = Functions;
			sourceTree = "<group>";
		};
		F7E720D124369E94004BAF12 /* Bounce */ = {
			isa = PBXGroup;
			children = (
				F7E720CC24369E83004BAF12 /* SKAction+BounceInterpolation.swift */,
				F7E720D724369F87004BAF12 /* SKAction+BounceAnimate.swift */,
				F7E720DD24369FDB004BAF12 /* SKAction+BounceMove.swift */,
				F7E720E22436A131004BAF12 /* SKAction+BounceScale.swift */,
				F7E720E72436A173004BAF12 /* SKAction+BounceSpeed.swift */,
				F7E720EC2436A1A7004BAF12 /* SKAction+BounceColorize.swift */,
				F7E720F12436A1C6004BAF12 /* SKAction+BounceFade.swift */,
				F7E720F62436A21C004BAF12 /* SKAction+BounceRotate.swift */,
				F7E720FB2436A23A004BAF12 /* SKAction+BounceResize.swift */,
			);
			path = Bounce;
			sourceTree = "<group>";
		};
		F7E7210A24393477004BAF12 /* Node */ = {
			isa = PBXGroup;
			children = (
				F7E7210524393467004BAF12 /* SKNode+Convenience.swift */,
				F7E7210B243935E4004BAF12 /* SKNode+Enumeration.swift */,
				F7E7211624393AFA004BAF12 /* SKNode+Layout.swift */,
				F7E633072443D4E9004C3F1F /* SKNode+PlaceEmitter.swift */,
				F7C448AB25A7DC4100C16CA9 /* SKNode+Action.swift */,
			);
			path = Node;
			sourceTree = "<group>";
		};
		F7E7211524393AC8004BAF12 /* Range */ = {
			isa = PBXGroup;
			children = (
				F7E7211024393AC4004BAF12 /* SKRange+Convenience.swift */,
			);
			path = Range;
			sourceTree = "<group>";
		};
		F7E72125243940AE004BAF12 /* Collection */ = {
			isa = PBXGroup;
			children = (
				F7E72120243940AA004BAF12 /* Collection+SafeSubscript.swift */,
			);
			path = Collection;
			sourceTree = "<group>";
		};
		F7E72126243940CF004BAF12 /* Texture */ = {
			isa = PBXGroup;
			children = (
				F7E7211B24393F72004BAF12 /* SKTexture+Name.swift */,
				F7E721272439413C004BAF12 /* String+Texture.swift */,
			);
			path = Texture;
			sourceTree = "<group>";
		};
/* End PBXGroup section */

/* Begin PBXHeadersBuildPhase section */
		F7E7204A2433F050004BAF12 /* Headers */ = {
			isa = PBXHeadersBuildPhase;
			buildActionMask = 2147483647;
			files = (
				F7E720542433F050004BAF12 /* ZenSpriteKit.h in Headers */,
			);
			runOnlyForDeploymentPostprocessing = 0;
		};
		F7E7205B2433F130004BAF12 /* Headers */ = {
			isa = PBXHeadersBuildPhase;
			buildActionMask = 2147483647;
			files = (
			);
			runOnlyForDeploymentPostprocessing = 0;
		};
		F7E720682433F22A004BAF12 /* Headers */ = {
			isa = PBXHeadersBuildPhase;
			buildActionMask = 2147483647;
			files = (
			);
			runOnlyForDeploymentPostprocessing = 0;
		};
		F7E720752433F237004BAF12 /* Headers */ = {
			isa = PBXHeadersBuildPhase;
			buildActionMask = 2147483647;
			files = (
			);
			runOnlyForDeploymentPostprocessing = 0;
		};
/* End PBXHeadersBuildPhase section */

/* Begin PBXNativeTarget section */
		F7E7204E2433F050004BAF12 /* ZenSpriteKit-iOS */ = {
			isa = PBXNativeTarget;
			buildConfigurationList = F7E720572433F050004BAF12 /* Build configuration list for PBXNativeTarget "ZenSpriteKit-iOS" */;
			buildPhases = (
				F7E7204A2433F050004BAF12 /* Headers */,
				F7E7204B2433F050004BAF12 /* Sources */,
				F7E7204C2433F050004BAF12 /* Frameworks */,
				F7E7204D2433F050004BAF12 /* Resources */,
			);
			buildRules = (
			);
			dependencies = (
			);
			name = "ZenSpriteKit-iOS";
			productName = ZenSpriteKit;
			productReference = F7E7204F2433F050004BAF12 /* ZenSpriteKit_iOS.framework */;
			productType = "com.apple.product-type.framework";
		};
		F7E7205F2433F130004BAF12 /* ZenSpriteKit-macOS */ = {
			isa = PBXNativeTarget;
			buildConfigurationList = F7E720672433F130004BAF12 /* Build configuration list for PBXNativeTarget "ZenSpriteKit-macOS" */;
			buildPhases = (
				F7E7205B2433F130004BAF12 /* Headers */,
				F7E7205C2433F130004BAF12 /* Sources */,
				F7E7205D2433F130004BAF12 /* Frameworks */,
				F7E7205E2433F130004BAF12 /* Resources */,
			);
			buildRules = (
			);
			dependencies = (
			);
			name = "ZenSpriteKit-macOS";
			productName = "ZenSpriteKit-macOS";
			productReference = F7E720602433F130004BAF12 /* ZenSpriteKit_macOS.framework */;
			productType = "com.apple.product-type.framework";
		};
		F7E7206C2433F22A004BAF12 /* ZenSpriteKit-tvOS */ = {
			isa = PBXNativeTarget;
			buildConfigurationList = F7E720722433F22A004BAF12 /* Build configuration list for PBXNativeTarget "ZenSpriteKit-tvOS" */;
			buildPhases = (
				F7E720682433F22A004BAF12 /* Headers */,
				F7E720692433F22A004BAF12 /* Sources */,
				F7E7206A2433F22A004BAF12 /* Frameworks */,
				F7E7206B2433F22A004BAF12 /* Resources */,
			);
			buildRules = (
			);
			dependencies = (
			);
			name = "ZenSpriteKit-tvOS";
			productName = "ZenSpriteKit-tvOS";
			productReference = F7E7206D2433F22A004BAF12 /* ZenSpriteKit_tvOS.framework */;
			productType = "com.apple.product-type.framework";
		};
		F7E720792433F237004BAF12 /* ZenSpriteKit-watchOS */ = {
			isa = PBXNativeTarget;
			buildConfigurationList = F7E7207F2433F237004BAF12 /* Build configuration list for PBXNativeTarget "ZenSpriteKit-watchOS" */;
			buildPhases = (
				F7E720752433F237004BAF12 /* Headers */,
				F7E720762433F237004BAF12 /* Sources */,
				F7E720772433F237004BAF12 /* Frameworks */,
				F7E720782433F237004BAF12 /* Resources */,
			);
			buildRules = (
			);
			dependencies = (
			);
			name = "ZenSpriteKit-watchOS";
			productName = "ZenSpriteKit-watchOS";
			productReference = F7E7207A2433F237004BAF12 /* ZenSpriteKit_watchOS.framework */;
			productType = "com.apple.product-type.framework";
		};
/* End PBXNativeTarget section */

/* Begin PBXProject section */
		F7E720462433F050004BAF12 /* Project object */ = {
			isa = PBXProject;
			attributes = {
				LastUpgradeCheck = 1200;
				ORGANIZATIONNAME = Nebula;
				TargetAttributes = {
					F7E7204E2433F050004BAF12 = {
						CreatedOnToolsVersion = 11.4;
						LastSwiftMigration = 1140;
					};
					F7E7205F2433F130004BAF12 = {
						CreatedOnToolsVersion = 11.4;
						LastSwiftMigration = 1140;
					};
					F7E7206C2433F22A004BAF12 = {
						CreatedOnToolsVersion = 11.4;
						LastSwiftMigration = 1140;
					};
					F7E720792433F237004BAF12 = {
						CreatedOnToolsVersion = 11.4;
						LastSwiftMigration = 1140;
					};
				};
			};
			buildConfigurationList = F7E720492433F050004BAF12 /* Build configuration list for PBXProject "ZenSpriteKit" */;
			compatibilityVersion = "Xcode 9.3";
			developmentRegion = en;
			hasScannedForEncodings = 0;
			knownRegions = (
				en,
				Base,
			);
			mainGroup = F7E720452433F050004BAF12;
			productRefGroup = F7E720502433F050004BAF12 /* Products */;
			projectDirPath = "";
			projectRoot = "";
			targets = (
				F7E7204E2433F050004BAF12 /* ZenSpriteKit-iOS */,
				F7E7205F2433F130004BAF12 /* ZenSpriteKit-macOS */,
				F7E7206C2433F22A004BAF12 /* ZenSpriteKit-tvOS */,
				F7E720792433F237004BAF12 /* ZenSpriteKit-watchOS */,
			);
		};
/* End PBXProject section */

/* Begin PBXResourcesBuildPhase section */
		F7E7204D2433F050004BAF12 /* Resources */ = {
			isa = PBXResourcesBuildPhase;
			buildActionMask = 2147483647;
			files = (
			);
			runOnlyForDeploymentPostprocessing = 0;
		};
		F7E7205E2433F130004BAF12 /* Resources */ = {
			isa = PBXResourcesBuildPhase;
			buildActionMask = 2147483647;
			files = (
			);
			runOnlyForDeploymentPostprocessing = 0;
		};
		F7E7206B2433F22A004BAF12 /* Resources */ = {
			isa = PBXResourcesBuildPhase;
			buildActionMask = 2147483647;
			files = (
			);
			runOnlyForDeploymentPostprocessing = 0;
		};
		F7E720782433F237004BAF12 /* Resources */ = {
			isa = PBXResourcesBuildPhase;
			buildActionMask = 2147483647;
			files = (
			);
			runOnlyForDeploymentPostprocessing = 0;
		};
/* End PBXResourcesBuildPhase section */

/* Begin PBXSourcesBuildPhase section */
		F7E7204B2433F050004BAF12 /* Sources */ = {
			isa = PBXSourcesBuildPhase;
			buildActionMask = 2147483647;
			files = (
				F7E720E32436A131004BAF12 /* SKAction+BounceScale.swift in Sources */,
				F7596E2F243A9B4F00045B91 /* SKEmitterNode+Colorize.swift in Sources */,
				F7E720CD24369E83004BAF12 /* SKAction+BounceInterpolation.swift in Sources */,
				F7E720B824340378004BAF12 /* SKAction+Colorize.swift in Sources */,
				F7C448AC25A7DC4100C16CA9 /* SKNode+Action.swift in Sources */,
				F7E7211724393AFA004BAF12 /* SKNode+Layout.swift in Sources */,
				F7E7211124393AC4004BAF12 /* SKRange+Convenience.swift in Sources */,
				F7E720F72436A21C004BAF12 /* SKAction+BounceRotate.swift in Sources */,
				F7E633132443D7D2004C3F1F /* SKTextureAtlas+Textures.swift in Sources */,
				F7E72121243940AA004BAF12 /* Collection+SafeSubscript.swift in Sources */,
				F7E720DE24369FDB004BAF12 /* SKAction+BounceMove.swift in Sources */,
				F7E721012436A2E0004BAF12 /* SKAction+Textures.swift in Sources */,
				F7E720882433F5AF004BAF12 /* SKAction+Infinite.swift in Sources */,
				F7E721282439413C004BAF12 /* String+Texture.swift in Sources */,
				F7E7210624393467004BAF12 /* SKNode+Convenience.swift in Sources */,
				F7E720E82436A173004BAF12 /* SKAction+BounceSpeed.swift in Sources */,
				F7E633082443D4E9004C3F1F /* SKNode+PlaceEmitter.swift in Sources */,
				F7596E20243A995D00045B91 /* String+Emitter.swift in Sources */,
				F7E720BD243403A3004BAF12 /* LinearInterpolation.swift in Sources */,
				F7E7210C243935E4004BAF12 /* SKNode+Enumeration.swift in Sources */,
				F7E720C824369C75004BAF12 /* Array+SKAction.swift in Sources */,
				F7E720C324369BC5004BAF12 /* SKAction+Convenience.swift in Sources */,
				F7E6330D2443D751004C3F1F /* String+TextureAtlas.swift in Sources */,
				F7E720982433F678004BAF12 /* SKAction+Pulse.swift in Sources */,
				F7E720FC2436A23A004BAF12 /* SKAction+BounceResize.swift in Sources */,
				F7E7211C24393F72004BAF12 /* SKTexture+Name.swift in Sources */,
				F7E720912433F622004BAF12 /* Int+Angles.swift in Sources */,
				F7E720ED2436A1A7004BAF12 /* SKAction+BounceColorize.swift in Sources */,
				F7596E1A243A98B400045B91 /* SKEmitterNode+Introspection.swift in Sources */,
				F7E720D824369F87004BAF12 /* SKAction+BounceAnimate.swift in Sources */,
				F7E720F22436A1C6004BAF12 /* SKAction+BounceFade.swift in Sources */,
			);
			runOnlyForDeploymentPostprocessing = 0;
		};
		F7E7205C2433F130004BAF12 /* Sources */ = {
			isa = PBXSourcesBuildPhase;
			buildActionMask = 2147483647;
			files = (
				F7E720E42436A131004BAF12 /* SKAction+BounceScale.swift in Sources */,
				F7596E30243A9B4F00045B91 /* SKEmitterNode+Colorize.swift in Sources */,
				F7E720CE24369E83004BAF12 /* SKAction+BounceInterpolation.swift in Sources */,
				F7E720B924340378004BAF12 /* SKAction+Colorize.swift in Sources */,
				F7C448AD25A7DC4100C16CA9 /* SKNode+Action.swift in Sources */,
				F7E7211824393AFA004BAF12 /* SKNode+Layout.swift in Sources */,
				F7E7211224393AC4004BAF12 /* SKRange+Convenience.swift in Sources */,
				F7E720F82436A21C004BAF12 /* SKAction+BounceRotate.swift in Sources */,
				F7E633142443D7D2004C3F1F /* SKTextureAtlas+Textures.swift in Sources */,
				F7E72122243940AA004BAF12 /* Collection+SafeSubscript.swift in Sources */,
				F7E720DF24369FDB004BAF12 /* SKAction+BounceMove.swift in Sources */,
				F7E721022436A2E0004BAF12 /* SKAction+Textures.swift in Sources */,
				F7E720892433F5AF004BAF12 /* SKAction+Infinite.swift in Sources */,
				F7E721292439413C004BAF12 /* String+Texture.swift in Sources */,
				F7E7210724393467004BAF12 /* SKNode+Convenience.swift in Sources */,
				F7E720E92436A173004BAF12 /* SKAction+BounceSpeed.swift in Sources */,
				F7E633092443D4E9004C3F1F /* SKNode+PlaceEmitter.swift in Sources */,
				F7596E21243A995D00045B91 /* String+Emitter.swift in Sources */,
				F7E720BE243403A3004BAF12 /* LinearInterpolation.swift in Sources */,
				F7E7210D243935E4004BAF12 /* SKNode+Enumeration.swift in Sources */,
				F7E720C924369C75004BAF12 /* Array+SKAction.swift in Sources */,
				F7E720C424369BC5004BAF12 /* SKAction+Convenience.swift in Sources */,
				F7E6330E2443D751004C3F1F /* String+TextureAtlas.swift in Sources */,
				F7E720992433F678004BAF12 /* SKAction+Pulse.swift in Sources */,
				F7E720FD2436A23A004BAF12 /* SKAction+BounceResize.swift in Sources */,
				F7E7211D24393F72004BAF12 /* SKTexture+Name.swift in Sources */,
				F7E720922433F622004BAF12 /* Int+Angles.swift in Sources */,
				F7E720EE2436A1A7004BAF12 /* SKAction+BounceColorize.swift in Sources */,
				F7596E1B243A98B400045B91 /* SKEmitterNode+Introspection.swift in Sources */,
				F7E720D924369F87004BAF12 /* SKAction+BounceAnimate.swift in Sources */,
				F7E720F32436A1C6004BAF12 /* SKAction+BounceFade.swift in Sources */,
			);
			runOnlyForDeploymentPostprocessing = 0;
		};
		F7E720692433F22A004BAF12 /* Sources */ = {
			isa = PBXSourcesBuildPhase;
			buildActionMask = 2147483647;
			files = (
				F7E720E52436A131004BAF12 /* SKAction+BounceScale.swift in Sources */,
				F7596E31243A9B4F00045B91 /* SKEmitterNode+Colorize.swift in Sources */,
				F7E720CF24369E83004BAF12 /* SKAction+BounceInterpolation.swift in Sources */,
				F7E720BA24340378004BAF12 /* SKAction+Colorize.swift in Sources */,
				F7C448AE25A7DC4100C16CA9 /* SKNode+Action.swift in Sources */,
				F7E7211924393AFA004BAF12 /* SKNode+Layout.swift in Sources */,
				F7E7211324393AC4004BAF12 /* SKRange+Convenience.swift in Sources */,
				F7E720F92436A21C004BAF12 /* SKAction+BounceRotate.swift in Sources */,
				F7E633152443D7D2004C3F1F /* SKTextureAtlas+Textures.swift in Sources */,
				F7E72123243940AA004BAF12 /* Collection+SafeSubscript.swift in Sources */,
				F7E720E024369FDB004BAF12 /* SKAction+BounceMove.swift in Sources */,
				F7E721032436A2E0004BAF12 /* SKAction+Textures.swift in Sources */,
				F7E7208A2433F5AF004BAF12 /* SKAction+Infinite.swift in Sources */,
				F7E7212A2439413C004BAF12 /* String+Texture.swift in Sources */,
				F7E7210824393467004BAF12 /* SKNode+Convenience.swift in Sources */,
				F7E720EA2436A173004BAF12 /* SKAction+BounceSpeed.swift in Sources */,
				F7E6330A2443D4E9004C3F1F /* SKNode+PlaceEmitter.swift in Sources */,
				F7596E22243A995D00045B91 /* String+Emitter.swift in Sources */,
				F7E720BF243403A3004BAF12 /* LinearInterpolation.swift in Sources */,
				F7E7210E243935E4004BAF12 /* SKNode+Enumeration.swift in Sources */,
				F7E720CA24369C75004BAF12 /* Array+SKAction.swift in Sources */,
				F7E720C624369BC9004BAF12 /* SKAction+Convenience.swift in Sources */,
				F7E6330F2443D751004C3F1F /* String+TextureAtlas.swift in Sources */,
				F7E7209A2433F678004BAF12 /* SKAction+Pulse.swift in Sources */,
				F7E720FE2436A23A004BAF12 /* SKAction+BounceResize.swift in Sources */,
				F7E7211E24393F72004BAF12 /* SKTexture+Name.swift in Sources */,
				F7E720932433F622004BAF12 /* Int+Angles.swift in Sources */,
				F7E720EF2436A1A7004BAF12 /* SKAction+BounceColorize.swift in Sources */,
				F7596E1C243A98B400045B91 /* SKEmitterNode+Introspection.swift in Sources */,
				F7E720DA24369F87004BAF12 /* SKAction+BounceAnimate.swift in Sources */,
				F7E720F42436A1C6004BAF12 /* SKAction+BounceFade.swift in Sources */,
			);
			runOnlyForDeploymentPostprocessing = 0;
		};
		F7E720762433F237004BAF12 /* Sources */ = {
			isa = PBXSourcesBuildPhase;
			buildActionMask = 2147483647;
			files = (
				F7E720E62436A131004BAF12 /* SKAction+BounceScale.swift in Sources */,
				F7596E32243A9B4F00045B91 /* SKEmitterNode+Colorize.swift in Sources */,
				F7E720D024369E83004BAF12 /* SKAction+BounceInterpolation.swift in Sources */,
				F7E720BB24340378004BAF12 /* SKAction+Colorize.swift in Sources */,
				F7C448AF25A7DC4100C16CA9 /* SKNode+Action.swift in Sources */,
				F7E7211A24393AFA004BAF12 /* SKNode+Layout.swift in Sources */,
				F7E7211424393AC4004BAF12 /* SKRange+Convenience.swift in Sources */,
				F7E720FA2436A21C004BAF12 /* SKAction+BounceRotate.swift in Sources */,
				F7E633162443D7D2004C3F1F /* SKTextureAtlas+Textures.swift in Sources */,
				F7E72124243940AA004BAF12 /* Collection+SafeSubscript.swift in Sources */,
				F7E720E124369FDB004BAF12 /* SKAction+BounceMove.swift in Sources */,
				F7E721042436A2E0004BAF12 /* SKAction+Textures.swift in Sources */,
				F7E7208B2433F5AF004BAF12 /* SKAction+Infinite.swift in Sources */,
				F7E7212B2439413C004BAF12 /* String+Texture.swift in Sources */,
				F7E7210924393467004BAF12 /* SKNode+Convenience.swift in Sources */,
				F7E720EB2436A173004BAF12 /* SKAction+BounceSpeed.swift in Sources */,
				F7E6330B2443D4E9004C3F1F /* SKNode+PlaceEmitter.swift in Sources */,
				F7596E23243A995D00045B91 /* String+Emitter.swift in Sources */,
				F7E720C0243403A3004BAF12 /* LinearInterpolation.swift in Sources */,
				F7E7210F243935E4004BAF12 /* SKNode+Enumeration.swift in Sources */,
				F7E720CB24369C75004BAF12 /* Array+SKAction.swift in Sources */,
				F7E720C524369BC5004BAF12 /* SKAction+Convenience.swift in Sources */,
				F7E633102443D751004C3F1F /* String+TextureAtlas.swift in Sources */,
				F7E7209B2433F678004BAF12 /* SKAction+Pulse.swift in Sources */,
				F7E720FF2436A23A004BAF12 /* SKAction+BounceResize.swift in Sources */,
				F7E7211F24393F72004BAF12 /* SKTexture+Name.swift in Sources */,
				F7E720942433F622004BAF12 /* Int+Angles.swift in Sources */,
				F7E720F02436A1A7004BAF12 /* SKAction+BounceColorize.swift in Sources */,
				F7596E1D243A98B400045B91 /* SKEmitterNode+Introspection.swift in Sources */,
				F7E720DB24369F87004BAF12 /* SKAction+BounceAnimate.swift in Sources */,
				F7E720F52436A1C6004BAF12 /* SKAction+BounceFade.swift in Sources */,
			);
			runOnlyForDeploymentPostprocessing = 0;
		};
/* End PBXSourcesBuildPhase section */

/* Begin XCBuildConfiguration section */
		F7E720552433F050004BAF12 /* Debug */ = {
			isa = XCBuildConfiguration;
			buildSettings = {
				ALWAYS_SEARCH_USER_PATHS = NO;
				CLANG_ANALYZER_NONNULL = YES;
				CLANG_ANALYZER_NUMBER_OBJECT_CONVERSION = YES_AGGRESSIVE;
				CLANG_CXX_LANGUAGE_STANDARD = "gnu++14";
				CLANG_CXX_LIBRARY = "libc++";
				CLANG_ENABLE_MODULES = YES;
				CLANG_ENABLE_OBJC_ARC = YES;
				CLANG_ENABLE_OBJC_WEAK = YES;
				CLANG_WARN_BLOCK_CAPTURE_AUTORELEASING = YES;
				CLANG_WARN_BOOL_CONVERSION = YES;
				CLANG_WARN_COMMA = YES;
				CLANG_WARN_CONSTANT_CONVERSION = YES;
				CLANG_WARN_DEPRECATED_OBJC_IMPLEMENTATIONS = YES;
				CLANG_WARN_DIRECT_OBJC_ISA_USAGE = YES_ERROR;
				CLANG_WARN_DOCUMENTATION_COMMENTS = YES;
				CLANG_WARN_EMPTY_BODY = YES;
				CLANG_WARN_ENUM_CONVERSION = YES;
				CLANG_WARN_INFINITE_RECURSION = YES;
				CLANG_WARN_INT_CONVERSION = YES;
				CLANG_WARN_NON_LITERAL_NULL_CONVERSION = YES;
				CLANG_WARN_OBJC_IMPLICIT_RETAIN_SELF = YES;
				CLANG_WARN_OBJC_LITERAL_CONVERSION = YES;
				CLANG_WARN_OBJC_ROOT_CLASS = YES_ERROR;
				CLANG_WARN_QUOTED_INCLUDE_IN_FRAMEWORK_HEADER = YES;
				CLANG_WARN_RANGE_LOOP_ANALYSIS = YES;
				CLANG_WARN_STRICT_PROTOTYPES = YES;
				CLANG_WARN_SUSPICIOUS_MOVE = YES;
				CLANG_WARN_UNGUARDED_AVAILABILITY = YES_AGGRESSIVE;
				CLANG_WARN_UNREACHABLE_CODE = YES;
				CLANG_WARN__DUPLICATE_METHOD_MATCH = YES;
				COPY_PHASE_STRIP = NO;
				CURRENT_PROJECT_VERSION = 1;
				DEBUG_INFORMATION_FORMAT = dwarf;
				ENABLE_STRICT_OBJC_MSGSEND = YES;
				ENABLE_TESTABILITY = YES;
				GCC_C_LANGUAGE_STANDARD = gnu11;
				GCC_DYNAMIC_NO_PIC = NO;
				GCC_NO_COMMON_BLOCKS = YES;
				GCC_OPTIMIZATION_LEVEL = 0;
				GCC_PREPROCESSOR_DEFINITIONS = (
					"DEBUG=1",
					"$(inherited)",
				);
				GCC_WARN_64_TO_32_BIT_CONVERSION = YES;
				GCC_WARN_ABOUT_RETURN_TYPE = YES_ERROR;
				GCC_WARN_UNDECLARED_SELECTOR = YES;
				GCC_WARN_UNINITIALIZED_AUTOS = YES_AGGRESSIVE;
				GCC_WARN_UNUSED_FUNCTION = YES;
				GCC_WARN_UNUSED_VARIABLE = YES;
				IPHONEOS_DEPLOYMENT_TARGET = 13.4;
				MTL_ENABLE_DEBUG_INFO = INCLUDE_SOURCE;
				MTL_FAST_MATH = YES;
				ONLY_ACTIVE_ARCH = YES;
				SDKROOT = iphoneos;
				SWIFT_ACTIVE_COMPILATION_CONDITIONS = DEBUG;
				SWIFT_OPTIMIZATION_LEVEL = "-Onone";
				VERSIONING_SYSTEM = "apple-generic";
				VERSION_INFO_PREFIX = "";
			};
			name = Debug;
		};
		F7E720562433F050004BAF12 /* Release */ = {
			isa = XCBuildConfiguration;
			buildSettings = {
				ALWAYS_SEARCH_USER_PATHS = NO;
				CLANG_ANALYZER_NONNULL = YES;
				CLANG_ANALYZER_NUMBER_OBJECT_CONVERSION = YES_AGGRESSIVE;
				CLANG_CXX_LANGUAGE_STANDARD = "gnu++14";
				CLANG_CXX_LIBRARY = "libc++";
				CLANG_ENABLE_MODULES = YES;
				CLANG_ENABLE_OBJC_ARC = YES;
				CLANG_ENABLE_OBJC_WEAK = YES;
				CLANG_WARN_BLOCK_CAPTURE_AUTORELEASING = YES;
				CLANG_WARN_BOOL_CONVERSION = YES;
				CLANG_WARN_COMMA = YES;
				CLANG_WARN_CONSTANT_CONVERSION = YES;
				CLANG_WARN_DEPRECATED_OBJC_IMPLEMENTATIONS = YES;
				CLANG_WARN_DIRECT_OBJC_ISA_USAGE = YES_ERROR;
				CLANG_WARN_DOCUMENTATION_COMMENTS = YES;
				CLANG_WARN_EMPTY_BODY = YES;
				CLANG_WARN_ENUM_CONVERSION = YES;
				CLANG_WARN_INFINITE_RECURSION = YES;
				CLANG_WARN_INT_CONVERSION = YES;
				CLANG_WARN_NON_LITERAL_NULL_CONVERSION = YES;
				CLANG_WARN_OBJC_IMPLICIT_RETAIN_SELF = YES;
				CLANG_WARN_OBJC_LITERAL_CONVERSION = YES;
				CLANG_WARN_OBJC_ROOT_CLASS = YES_ERROR;
				CLANG_WARN_QUOTED_INCLUDE_IN_FRAMEWORK_HEADER = YES;
				CLANG_WARN_RANGE_LOOP_ANALYSIS = YES;
				CLANG_WARN_STRICT_PROTOTYPES = YES;
				CLANG_WARN_SUSPICIOUS_MOVE = YES;
				CLANG_WARN_UNGUARDED_AVAILABILITY = YES_AGGRESSIVE;
				CLANG_WARN_UNREACHABLE_CODE = YES;
				CLANG_WARN__DUPLICATE_METHOD_MATCH = YES;
				COPY_PHASE_STRIP = NO;
				CURRENT_PROJECT_VERSION = 1;
				DEBUG_INFORMATION_FORMAT = "dwarf-with-dsym";
				ENABLE_NS_ASSERTIONS = NO;
				ENABLE_STRICT_OBJC_MSGSEND = YES;
				GCC_C_LANGUAGE_STANDARD = gnu11;
				GCC_NO_COMMON_BLOCKS = YES;
				GCC_WARN_64_TO_32_BIT_CONVERSION = YES;
				GCC_WARN_ABOUT_RETURN_TYPE = YES_ERROR;
				GCC_WARN_UNDECLARED_SELECTOR = YES;
				GCC_WARN_UNINITIALIZED_AUTOS = YES_AGGRESSIVE;
				GCC_WARN_UNUSED_FUNCTION = YES;
				GCC_WARN_UNUSED_VARIABLE = YES;
				IPHONEOS_DEPLOYMENT_TARGET = 13.4;
				MTL_ENABLE_DEBUG_INFO = NO;
				MTL_FAST_MATH = YES;
				SDKROOT = iphoneos;
				SWIFT_COMPILATION_MODE = wholemodule;
				SWIFT_OPTIMIZATION_LEVEL = "-O";
				VALIDATE_PRODUCT = YES;
				VERSIONING_SYSTEM = "apple-generic";
				VERSION_INFO_PREFIX = "";
			};
			name = Release;
		};
		F7E720582433F050004BAF12 /* Debug */ = {
			isa = XCBuildConfiguration;
			buildSettings = {
				CLANG_ENABLE_MODULES = YES;
				CODE_SIGN_STYLE = Automatic;
				DEFINES_MODULE = YES;
				DEVELOPMENT_TEAM = 7CK9FQY54K;
				DYLIB_COMPATIBILITY_VERSION = 1;
				DYLIB_CURRENT_VERSION = 1;
				DYLIB_INSTALL_NAME_BASE = "@rpath";
				INFOPLIST_FILE = ZenSpriteKit/SupportingFiles/Info.plist;
				INSTALL_PATH = "$(LOCAL_LIBRARY_DIR)/Frameworks";
				IPHONEOS_DEPLOYMENT_TARGET = 12.0;
				LD_RUNPATH_SEARCH_PATHS = (
					"$(inherited)",
					"@executable_path/Frameworks",
					"@loader_path/Frameworks",
				);
				MARKETING_VERSION = 1.2.0;
				PRODUCT_BUNDLE_IDENTIFIER = "ZenSpriteKit-iOS";
				PRODUCT_NAME = "$(TARGET_NAME:c99extidentifier)";
				SKIP_INSTALL = YES;
				SWIFT_OPTIMIZATION_LEVEL = "-Onone";
				SWIFT_VERSION = 5.0;
				TARGETED_DEVICE_FAMILY = "1,2";
			};
			name = Debug;
		};
		F7E720592433F050004BAF12 /* Release */ = {
			isa = XCBuildConfiguration;
			buildSettings = {
				CLANG_ENABLE_MODULES = YES;
				CODE_SIGN_STYLE = Automatic;
				DEFINES_MODULE = YES;
				DEVELOPMENT_TEAM = 7CK9FQY54K;
				DYLIB_COMPATIBILITY_VERSION = 1;
				DYLIB_CURRENT_VERSION = 1;
				DYLIB_INSTALL_NAME_BASE = "@rpath";
				INFOPLIST_FILE = ZenSpriteKit/SupportingFiles/Info.plist;
				INSTALL_PATH = "$(LOCAL_LIBRARY_DIR)/Frameworks";
				IPHONEOS_DEPLOYMENT_TARGET = 12.0;
				LD_RUNPATH_SEARCH_PATHS = (
					"$(inherited)",
					"@executable_path/Frameworks",
					"@loader_path/Frameworks",
				);
				MARKETING_VERSION = 1.2.0;
				PRODUCT_BUNDLE_IDENTIFIER = "ZenSpriteKit-iOS";
				PRODUCT_NAME = "$(TARGET_NAME:c99extidentifier)";
				SKIP_INSTALL = YES;
				SWIFT_VERSION = 5.0;
				TARGETED_DEVICE_FAMILY = "1,2";
			};
			name = Release;
		};
		F7E720652433F130004BAF12 /* Debug */ = {
			isa = XCBuildConfiguration;
			buildSettings = {
				CLANG_ENABLE_MODULES = YES;
				CODE_SIGN_STYLE = Automatic;
				COMBINE_HIDPI_IMAGES = YES;
				DEFINES_MODULE = YES;
				DEVELOPMENT_TEAM = 7CK9FQY54K;
				DYLIB_COMPATIBILITY_VERSION = 1;
				DYLIB_CURRENT_VERSION = 1;
				DYLIB_INSTALL_NAME_BASE = "@rpath";
				INFOPLIST_FILE = ZenSpriteKit/SupportingFiles/Info.plist;
				INSTALL_PATH = "$(LOCAL_LIBRARY_DIR)/Frameworks";
				LD_RUNPATH_SEARCH_PATHS = (
					"$(inherited)",
					"@executable_path/../Frameworks",
					"@loader_path/Frameworks",
				);
				MACOSX_DEPLOYMENT_TARGET = 10.13;
				MARKETING_VERSION = 1.2.0;
				PRODUCT_BUNDLE_IDENTIFIER = "ZenSpriteKit-macOS";
				PRODUCT_NAME = "$(TARGET_NAME:c99extidentifier)";
				SDKROOT = macosx;
				SKIP_INSTALL = YES;
				SWIFT_OPTIMIZATION_LEVEL = "-Onone";
				SWIFT_VERSION = 5.0;
			};
			name = Debug;
		};
		F7E720662433F130004BAF12 /* Release */ = {
			isa = XCBuildConfiguration;
			buildSettings = {
				CLANG_ENABLE_MODULES = YES;
				CODE_SIGN_STYLE = Automatic;
				COMBINE_HIDPI_IMAGES = YES;
				DEFINES_MODULE = YES;
				DEVELOPMENT_TEAM = 7CK9FQY54K;
				DYLIB_COMPATIBILITY_VERSION = 1;
				DYLIB_CURRENT_VERSION = 1;
				DYLIB_INSTALL_NAME_BASE = "@rpath";
				INFOPLIST_FILE = ZenSpriteKit/SupportingFiles/Info.plist;
				INSTALL_PATH = "$(LOCAL_LIBRARY_DIR)/Frameworks";
				LD_RUNPATH_SEARCH_PATHS = (
					"$(inherited)",
					"@executable_path/../Frameworks",
					"@loader_path/Frameworks",
				);
				MACOSX_DEPLOYMENT_TARGET = 10.13;
				MARKETING_VERSION = 1.2.0;
				PRODUCT_BUNDLE_IDENTIFIER = "ZenSpriteKit-macOS";
				PRODUCT_NAME = "$(TARGET_NAME:c99extidentifier)";
				SDKROOT = macosx;
				SKIP_INSTALL = YES;
				SWIFT_VERSION = 5.0;
			};
			name = Release;
		};
		F7E720732433F22A004BAF12 /* Debug */ = {
			isa = XCBuildConfiguration;
			buildSettings = {
				CLANG_ENABLE_MODULES = YES;
				CODE_SIGN_STYLE = Automatic;
				DEFINES_MODULE = YES;
				DEVELOPMENT_TEAM = 7CK9FQY54K;
				DYLIB_COMPATIBILITY_VERSION = 1;
				DYLIB_CURRENT_VERSION = 1;
				DYLIB_INSTALL_NAME_BASE = "@rpath";
				INFOPLIST_FILE = ZenSpriteKit/SupportingFiles/Info.plist;
				INSTALL_PATH = "$(LOCAL_LIBRARY_DIR)/Frameworks";
				LD_RUNPATH_SEARCH_PATHS = (
					"$(inherited)",
					"@executable_path/Frameworks",
					"@loader_path/Frameworks",
				);
				MARKETING_VERSION = 1.2.0;
				PRODUCT_BUNDLE_IDENTIFIER = "ZenSpriteKit-tvOS";
				PRODUCT_NAME = "$(TARGET_NAME:c99extidentifier)";
				SDKROOT = appletvos;
				SKIP_INSTALL = YES;
				SWIFT_OPTIMIZATION_LEVEL = "-Onone";
				SWIFT_VERSION = 5.0;
				TARGETED_DEVICE_FAMILY = 3;
				TVOS_DEPLOYMENT_TARGET = 12.0;
			};
			name = Debug;
		};
		F7E720742433F22A004BAF12 /* Release */ = {
			isa = XCBuildConfiguration;
			buildSettings = {
				CLANG_ENABLE_MODULES = YES;
				CODE_SIGN_STYLE = Automatic;
				DEFINES_MODULE = YES;
				DEVELOPMENT_TEAM = 7CK9FQY54K;
				DYLIB_COMPATIBILITY_VERSION = 1;
				DYLIB_CURRENT_VERSION = 1;
				DYLIB_INSTALL_NAME_BASE = "@rpath";
				INFOPLIST_FILE = ZenSpriteKit/SupportingFiles/Info.plist;
				INSTALL_PATH = "$(LOCAL_LIBRARY_DIR)/Frameworks";
				LD_RUNPATH_SEARCH_PATHS = (
					"$(inherited)",
					"@executable_path/Frameworks",
					"@loader_path/Frameworks",
				);
				MARKETING_VERSION = 1.2.0;
				PRODUCT_BUNDLE_IDENTIFIER = "ZenSpriteKit-tvOS";
				PRODUCT_NAME = "$(TARGET_NAME:c99extidentifier)";
				SDKROOT = appletvos;
				SKIP_INSTALL = YES;
				SWIFT_VERSION = 5.0;
				TARGETED_DEVICE_FAMILY = 3;
				TVOS_DEPLOYMENT_TARGET = 12.0;
			};
			name = Release;
		};
		F7E720802433F237004BAF12 /* Debug */ = {
			isa = XCBuildConfiguration;
			buildSettings = {
				APPLICATION_EXTENSION_API_ONLY = NO;
				CLANG_ENABLE_MODULES = YES;
				CODE_SIGN_STYLE = Automatic;
				DEFINES_MODULE = YES;
				DEVELOPMENT_TEAM = 7CK9FQY54K;
				DYLIB_COMPATIBILITY_VERSION = 1;
				DYLIB_CURRENT_VERSION = 1;
				DYLIB_INSTALL_NAME_BASE = "@rpath";
				INFOPLIST_FILE = ZenSpriteKit/SupportingFiles/Info.plist;
				INSTALL_PATH = "$(LOCAL_LIBRARY_DIR)/Frameworks";
				LD_RUNPATH_SEARCH_PATHS = (
					"$(inherited)",
					"@executable_path/Frameworks",
					"@loader_path/Frameworks",
				);
				MARKETING_VERSION = 1.2.0;
				PRODUCT_BUNDLE_IDENTIFIER = "ZenSpriteKit-watchOS";
				PRODUCT_NAME = "$(TARGET_NAME:c99extidentifier)";
				SDKROOT = watchos;
				SKIP_INSTALL = YES;
				SWIFT_OPTIMIZATION_LEVEL = "-Onone";
				SWIFT_VERSION = 5.0;
				TARGETED_DEVICE_FAMILY = 4;
				WATCHOS_DEPLOYMENT_TARGET = 4.0;
			};
			name = Debug;
		};
		F7E720812433F237004BAF12 /* Release */ = {
			isa = XCBuildConfiguration;
			buildSettings = {
				APPLICATION_EXTENSION_API_ONLY = NO;
				CLANG_ENABLE_MODULES = YES;
				CODE_SIGN_STYLE = Automatic;
				DEFINES_MODULE = YES;
				DEVELOPMENT_TEAM = 7CK9FQY54K;
				DYLIB_COMPATIBILITY_VERSION = 1;
				DYLIB_CURRENT_VERSION = 1;
				DYLIB_INSTALL_NAME_BASE = "@rpath";
				INFOPLIST_FILE = ZenSpriteKit/SupportingFiles/Info.plist;
				INSTALL_PATH = "$(LOCAL_LIBRARY_DIR)/Frameworks";
				LD_RUNPATH_SEARCH_PATHS = (
					"$(inherited)",
					"@executable_path/Frameworks",
					"@loader_path/Frameworks",
				);
				MARKETING_VERSION = 1.2.0;
				PRODUCT_BUNDLE_IDENTIFIER = "ZenSpriteKit-watchOS";
				PRODUCT_NAME = "$(TARGET_NAME:c99extidentifier)";
				SDKROOT = watchos;
				SKIP_INSTALL = YES;
				SWIFT_VERSION = 5.0;
				TARGETED_DEVICE_FAMILY = 4;
				WATCHOS_DEPLOYMENT_TARGET = 4.0;
			};
			name = Release;
		};
/* End XCBuildConfiguration section */

/* Begin XCConfigurationList section */
		F7E720492433F050004BAF12 /* Build configuration list for PBXProject "ZenSpriteKit" */ = {
			isa = XCConfigurationList;
			buildConfigurations = (
				F7E720552433F050004BAF12 /* Debug */,
				F7E720562433F050004BAF12 /* Release */,
			);
			defaultConfigurationIsVisible = 0;
			defaultConfigurationName = Release;
		};
		F7E720572433F050004BAF12 /* Build configuration list for PBXNativeTarget "ZenSpriteKit-iOS" */ = {
			isa = XCConfigurationList;
			buildConfigurations = (
				F7E720582433F050004BAF12 /* Debug */,
				F7E720592433F050004BAF12 /* Release */,
			);
			defaultConfigurationIsVisible = 0;
			defaultConfigurationName = Release;
		};
		F7E720672433F130004BAF12 /* Build configuration list for PBXNativeTarget "ZenSpriteKit-macOS" */ = {
			isa = XCConfigurationList;
			buildConfigurations = (
				F7E720652433F130004BAF12 /* Debug */,
				F7E720662433F130004BAF12 /* Release */,
			);
			defaultConfigurationIsVisible = 0;
			defaultConfigurationName = Release;
		};
		F7E720722433F22A004BAF12 /* Build configuration list for PBXNativeTarget "ZenSpriteKit-tvOS" */ = {
			isa = XCConfigurationList;
			buildConfigurations = (
				F7E720732433F22A004BAF12 /* Debug */,
				F7E720742433F22A004BAF12 /* Release */,
			);
			defaultConfigurationIsVisible = 0;
			defaultConfigurationName = Release;
		};
		F7E7207F2433F237004BAF12 /* Build configuration list for PBXNativeTarget "ZenSpriteKit-watchOS" */ = {
			isa = XCConfigurationList;
			buildConfigurations = (
				F7E720802433F237004BAF12 /* Debug */,
				F7E720812433F237004BAF12 /* Release */,
			);
			defaultConfigurationIsVisible = 0;
			defaultConfigurationName = Release;
		};
/* End XCConfigurationList section */
	};
	rootObject = F7E720462433F050004BAF12 /* Project object */;
}
